
Microsoft Visual Studio Solution File, Format Version 12.00
# Visual Studio 15
VisualStudioVersion = 15.0.26430.14
MinimumVisualStudioVersion = 10.0.40219.1
Project("{FAE04EC0-301F-11D3-BF4B-00C04F79EFBC}") = "ImageUploadAPI", "RealwearImageAnalysis\ImageUploadAPI.csproj", "{A1C9AAE5-75F4-4923-9811-DAC05EDC8A8E}"
EndProject
Project("{FAE04EC0-301F-11D3-BF4B-00C04F79EFBC}") = "AnalyzeImage", "AnalyzeImage\AnalyzeImage.csproj", "{7C81F6A7-DC21-4AF6-BB77-D09B51D6568D}"
EndProject
Global
	GlobalSection(SolutionConfigurationPlatforms) = preSolution
		Ad-Hoc|Any CPU = Ad-Hoc|Any CPU
		Ad-Hoc|ARM = Ad-Hoc|ARM
		Ad-Hoc|iPhone = Ad-Hoc|iPhone
		Ad-Hoc|iPhoneSimulator = Ad-Hoc|iPhoneSimulator
		Ad-Hoc|x64 = Ad-Hoc|x64
		Ad-Hoc|x86 = Ad-Hoc|x86
		AppStore|Any CPU = AppStore|Any CPU
		AppStore|ARM = AppStore|ARM
		AppStore|iPhone = AppStore|iPhone
		AppStore|iPhoneSimulator = AppStore|iPhoneSimulator
		AppStore|x64 = AppStore|x64
		AppStore|x86 = AppStore|x86
		Debug|Any CPU = Debug|Any CPU
		Debug|ARM = Debug|ARM
		Debug|iPhone = Debug|iPhone
		Debug|iPhoneSimulator = Debug|iPhoneSimulator
		Debug|x64 = Debug|x64
		Debug|x86 = Debug|x86
		Release|Any CPU = Release|Any CPU
		Release|ARM = Release|ARM
		Release|iPhone = Release|iPhone
		Release|iPhoneSimulator = Release|iPhoneSimulator
		Release|x64 = Release|x64
		Release|x86 = Release|x86
	EndGlobalSection
	GlobalSection(ProjectConfigurationPlatforms) = postSolution
		{A1C9AAE5-75F4-4923-9811-DAC05EDC8A8E}.Ad-Hoc|Any CPU.ActiveCfg = Release|Any CPU
		{A1C9AAE5-75F4-4923-9811-DAC05EDC8A8E}.Ad-Hoc|Any CPU.Build.0 = Release|Any CPU
		{A1C9AAE5-75F4-4923-9811-DAC05EDC8A8E}.Ad-Hoc|ARM.ActiveCfg = Release|Any CPU
		{A1C9AAE5-75F4-4923-9811-DAC05EDC8A8E}.Ad-Hoc|ARM.Build.0 = Release|Any CPU
		{A1C9AAE5-75F4-4923-9811-DAC05EDC8A8E}.Ad-Hoc|iPhone.ActiveCfg = Release|Any CPU
		{A1C9AAE5-75F4-4923-9811-DAC05EDC8A8E}.Ad-Hoc|iPhone.Build.0 = Release|Any CPU
		{A1C9AAE5-75F4-4923-9811-DAC05EDC8A8E}.Ad-Hoc|iPhoneSimulator.ActiveCfg = Release|Any CPU
		{A1C9AAE5-75F4-4923-9811-DAC05EDC8A8E}.Ad-Hoc|iPhoneSimulator.Build.0 = Release|Any CPU
		{A1C9AAE5-75F4-4923-9811-DAC05EDC8A8E}.Ad-Hoc|x64.ActiveCfg = Release|Any CPU
		{A1C9AAE5-75F4-4923-9811-DAC05EDC8A8E}.Ad-Hoc|x64.Build.0 = Release|Any CPU
		{A1C9AAE5-75F4-4923-9811-DAC05EDC8A8E}.Ad-Hoc|x86.ActiveCfg = Release|Any CPU
		{A1C9AAE5-75F4-4923-9811-DAC05EDC8A8E}.Ad-Hoc|x86.Build.0 = Release|Any CPU
		{A1C9AAE5-75F4-4923-9811-DAC05EDC8A8E}.AppStore|Any CPU.ActiveCfg = Release|Any CPU
		{A1C9AAE5-75F4-4923-9811-DAC05EDC8A8E}.AppStore|Any CPU.Build.0 = Release|Any CPU
		{A1C9AAE5-75F4-4923-9811-DAC05EDC8A8E}.AppStore|ARM.ActiveCfg = Release|Any CPU
		{A1C9AAE5-75F4-4923-9811-DAC05EDC8A8E}.AppStore|ARM.Build.0 = Release|Any CPU
		{A1C9AAE5-75F4-4923-9811-DAC05EDC8A8E}.AppStore|iPhone.ActiveCfg = Release|Any CPU
		{A1C9AAE5-75F4-4923-9811-DAC05EDC8A8E}.AppStore|iPhone.Build.0 = Release|Any CPU
		{A1C9AAE5-75F4-4923-9811-DAC05EDC8A8E}.AppStore|iPhoneSimulator.ActiveCfg = Release|Any CPU
		{A1C9AAE5-75F4-4923-9811-DAC05EDC8A8E}.AppStore|iPhoneSimulator.Build.0 = Release|Any CPU
		{A1C9AAE5-75F4-4923-9811-DAC05EDC8A8E}.AppStore|x64.ActiveCfg = Release|Any CPU
		{A1C9AAE5-75F4-4923-9811-DAC05EDC8A8E}.AppStore|x64.Build.0 = Release|Any CPU
		{A1C9AAE5-75F4-4923-9811-DAC05EDC8A8E}.AppStore|x86.ActiveCfg = Release|Any CPU
		{A1C9AAE5-75F4-4923-9811-DAC05EDC8A8E}.AppStore|x86.Build.0 = Release|Any CPU
		{A1C9AAE5-75F4-4923-9811-DAC05EDC8A8E}.Debug|Any CPU.ActiveCfg = Debug|Any CPU
		{A1C9AAE5-75F4-4923-9811-DAC05EDC8A8E}.Debug|Any CPU.Build.0 = Debug|Any CPU
		{A1C9AAE5-75F4-4923-9811-DAC05EDC8A8E}.Debug|ARM.ActiveCfg = Debug|Any CPU
		{A1C9AAE5-75F4-4923-9811-DAC05EDC8A8E}.Debug|ARM.Build.0 = Debug|Any CPU
		{A1C9AAE5-75F4-4923-9811-DAC05EDC8A8E}.Debug|iPhone.ActiveCfg = Debug|Any CPU
		{A1C9AAE5-75F4-4923-9811-DAC05EDC8A8E}.Debug|iPhone.Build.0 = Debug|Any CPU
		{A1C9AAE5-75F4-4923-9811-DAC05EDC8A8E}.Debug|iPhoneSimulator.ActiveCfg = Debug|Any CPU
		{A1C9AAE5-75F4-4923-9811-DAC05EDC8A8E}.Debug|iPhoneSimulator.Build.0 = Debug|Any CPU
		{A1C9AAE5-75F4-4923-9811-DAC05EDC8A8E}.Debug|x64.ActiveCfg = Debug|Any CPU
		{A1C9AAE5-75F4-4923-9811-DAC05EDC8A8E}.Debug|x64.Build.0 = Debug|Any CPU
		{A1C9AAE5-75F4-4923-9811-DAC05EDC8A8E}.Debug|x86.ActiveCfg = Debug|Any CPU
		{A1C9AAE5-75F4-4923-9811-DAC05EDC8A8E}.Debug|x86.Build.0 = Debug|Any CPU
		{A1C9AAE5-75F4-4923-9811-DAC05EDC8A8E}.Release|Any CPU.ActiveCfg = Release|Any CPU
		{A1C9AAE5-75F4-4923-9811-DAC05EDC8A8E}.Release|Any CPU.Build.0 = Release|Any CPU
		{A1C9AAE5-75F4-4923-9811-DAC05EDC8A8E}.Release|ARM.ActiveCfg = Release|Any CPU
		{A1C9AAE5-75F4-4923-9811-DAC05EDC8A8E}.Release|ARM.Build.0 = Release|Any CPU
		{A1C9AAE5-75F4-4923-9811-DAC05EDC8A8E}.Release|iPhone.ActiveCfg = Release|Any CPU
		{A1C9AAE5-75F4-4923-9811-DAC05EDC8A8E}.Release|iPhone.Build.0 = Release|Any CPU
		{A1C9AAE5-75F4-4923-9811-DAC05EDC8A8E}.Release|iPhoneSimulator.ActiveCfg = Release|Any CPU
		{A1C9AAE5-75F4-4923-9811-DAC05EDC8A8E}.Release|iPhoneSimulator.Build.0 = Release|Any CPU
		{A1C9AAE5-75F4-4923-9811-DAC05EDC8A8E}.Release|x64.ActiveCfg = Release|Any CPU
		{A1C9AAE5-75F4-4923-9811-DAC05EDC8A8E}.Release|x64.Build.0 = Release|Any CPU
		{A1C9AAE5-75F4-4923-9811-DAC05EDC8A8E}.Release|x86.ActiveCfg = Release|Any CPU
		{A1C9AAE5-75F4-4923-9811-DAC05EDC8A8E}.Release|x86.Build.0 = Release|Any CPU
		{7C81F6A7-DC21-4AF6-BB77-D09B51D6568D}.Ad-Hoc|Any CPU.ActiveCfg = Release|Any CPU
		{7C81F6A7-DC21-4AF6-BB77-D09B51D6568D}.Ad-Hoc|Any CPU.Build.0 = Release|Any CPU
		{7C81F6A7-DC21-4AF6-BB77-D09B51D6568D}.Ad-Hoc|Any CPU.Deploy.0 = Release|Any CPU
		{7C81F6A7-DC21-4AF6-BB77-D09B51D6568D}.Ad-Hoc|ARM.ActiveCfg = Release|Any CPU
		{7C81F6A7-DC21-4AF6-BB77-D09B51D6568D}.Ad-Hoc|ARM.Build.0 = Release|Any CPU
		{7C81F6A7-DC21-4AF6-BB77-D09B51D6568D}.Ad-Hoc|ARM.Deploy.0 = Release|Any CPU
		{7C81F6A7-DC21-4AF6-BB77-D09B51D6568D}.Ad-Hoc|iPhone.ActiveCfg = Release|Any CPU
		{7C81F6A7-DC21-4AF6-BB77-D09B51D6568D}.Ad-Hoc|iPhone.Build.0 = Release|Any CPU
		{7C81F6A7-DC21-4AF6-BB77-D09B51D6568D}.Ad-Hoc|iPhone.Deploy.0 = Release|Any CPU
		{7C81F6A7-DC21-4AF6-BB77-D09B51D6568D}.Ad-Hoc|iPhoneSimulator.ActiveCfg = Release|Any CPU
		{7C81F6A7-DC21-4AF6-BB77-D09B51D6568D}.Ad-Hoc|iPhoneSimulator.Build.0 = Release|Any CPU
		{7C81F6A7-DC21-4AF6-BB77-D09B51D6568D}.Ad-Hoc|iPhoneSimulator.Deploy.0 = Release|Any CPU
		{7C81F6A7-DC21-4AF6-BB77-D09B51D6568D}.Ad-Hoc|x64.ActiveCfg = Release|Any CPU
		{7C81F6A7-DC21-4AF6-BB77-D09B51D6568D}.Ad-Hoc|x64.Build.0 = Release|Any CPU
		{7C81F6A7-DC21-4AF6-BB77-D09B51D6568D}.Ad-Hoc|x64.Deploy.0 = Release|Any CPU
		{7C81F6A7-DC21-4AF6-BB77-D09B51D6568D}.Ad-Hoc|x86.ActiveCfg = Release|Any CPU
		{7C81F6A7-DC21-4AF6-BB77-D09B51D6568D}.Ad-Hoc|x86.Build.0 = Release|Any CPU
		{7C81F6A7-DC21-4AF6-BB77-D09B51D6568D}.Ad-Hoc|x86.Deploy.0 = Release|Any CPU
		{7C81F6A7-DC21-4AF6-BB77-D09B51D6568D}.AppStore|Any CPU.ActiveCfg = Release|Any CPU
		{7C81F6A7-DC21-4AF6-BB77-D09B51D6568D}.AppStore|Any CPU.Build.0 = Release|Any CPU
		{7C81F6A7-DC21-4AF6-BB77-D09B51D6568D}.AppStore|Any CPU.Deploy.0 = Release|Any CPU
		{7C81F6A7-DC21-4AF6-BB77-D09B51D6568D}.AppStore|ARM.ActiveCfg = Release|Any CPU
		{7C81F6A7-DC21-4AF6-BB77-D09B51D6568D}.AppStore|ARM.Build.0 = Release|Any CPU
		{7C81F6A7-DC21-4AF6-BB77-D09B51D6568D}.AppStore|ARM.Deploy.0 = Release|Any CPU
		{7C81F6A7-DC21-4AF6-BB77-D09B51D6568D}.AppStore|iPhone.ActiveCfg = Release|Any CPU
		{7C81F6A7-DC21-4AF6-BB77-D09B51D6568D}.AppStore|iPhone.Build.0 = Release|Any CPU
		{7C81F6A7-DC21-4AF6-BB77-D09B51D6568D}.AppStore|iPhone.Deploy.0 = Release|Any CPU
		{7C81F6A7-DC21-4AF6-BB77-D09B51D6568D}.AppStore|iPhoneSimulator.ActiveCfg = Release|Any CPU
		{7C81F6A7-DC21-4AF6-BB77-D09B51D6568D}.AppStore|iPhoneSimulator.Build.0 = Release|Any CPU
		{7C81F6A7-DC21-4AF6-BB77-D09B51D6568D}.AppStore|iPhoneSimulator.Deploy.0 = Release|Any CPU
		{7C81F6A7-DC21-4AF6-BB77-D09B51D6568D}.AppStore|x64.ActiveCfg = Release|Any CPU
		{7C81F6A7-DC21-4AF6-BB77-D09B51D6568D}.AppStore|x64.Build.0 = Release|Any CPU
		{7C81F6A7-DC21-4AF6-BB77-D09B51D6568D}.AppStore|x64.Deploy.0 = Release|Any CPU
		{7C81F6A7-DC21-4AF6-BB77-D09B51D6568D}.AppStore|x86.ActiveCfg = Release|Any CPU
		{7C81F6A7-DC21-4AF6-BB77-D09B51D6568D}.AppStore|x86.Build.0 = Release|Any CPU
		{7C81F6A7-DC21-4AF6-BB77-D09B51D6568D}.AppStore|x86.Deploy.0 = Release|Any CPU
		{7C81F6A7-DC21-4AF6-BB77-D09B51D6568D}.Debug|Any CPU.ActiveCfg = Debug|Any CPU
		{7C81F6A7-DC21-4AF6-BB77-D09B51D6568D}.Debug|Any CPU.Build.0 = Debug|Any CPU
		{7C81F6A7-DC21-4AF6-BB77-D09B51D6568D}.Debug|Any CPU.Deploy.0 = Debug|Any CPU
		{7C81F6A7-DC21-4AF6-BB77-D09B51D6568D}.Debug|ARM.ActiveCfg = Debug|Any CPU
		{7C81F6A7-DC21-4AF6-BB77-D09B51D6568D}.Debug|ARM.Build.0 = Debug|Any CPU
		{7C81F6A7-DC21-4AF6-BB77-D09B51D6568D}.Debug|ARM.Deploy.0 = Debug|Any CPU
		{7C81F6A7-DC21-4AF6-BB77-D09B51D6568D}.Debug|iPhone.ActiveCfg = Debug|Any CPU
		{7C81F6A7-DC21-4AF6-BB77-D09B51D6568D}.Debug|iPhone.Build.0 = Debug|Any CPU
		{7C81F6A7-DC21-4AF6-BB77-D09B51D6568D}.Debug|iPhone.Deploy.0 = Debug|Any CPU
		{7C81F6A7-DC21-4AF6-BB77-D09B51D6568D}.Debug|iPhoneSimulator.ActiveCfg = Debug|Any CPU
		{7C81F6A7-DC21-4AF6-BB77-D09B51D6568D}.Debug|iPhoneSimulator.Build.0 = Debug|Any CPU
		{7C81F6A7-DC21-4AF6-BB77-D09B51D6568D}.Debug|iPhoneSimulator.Deploy.0 = Debug|Any CPU
		{7C81F6A7-DC21-4AF6-BB77-D09B51D6568D}.Debug|x64.ActiveCfg = Debug|Any CPU
		{7C81F6A7-DC21-4AF6-BB77-D09B51D6568D}.Debug|x64.Build.0 = Debug|Any CPU
		{7C81F6A7-DC21-4AF6-BB77-D09B51D6568D}.Debug|x64.Deploy.0 = Debug|Any CPU
		{7C81F6A7-DC21-4AF6-BB77-D09B51D6568D}.Debug|x86.ActiveCfg = Debug|Any CPU
		{7C81F6A7-DC21-4AF6-BB77-D09B51D6568D}.Debug|x86.Build.0 = Debug|Any CPU
		{7C81F6A7-DC21-4AF6-BB77-D09B51D6568D}.Debug|x86.Deploy.0 = Debug|Any CPU
		{7C81F6A7-DC21-4AF6-BB77-D09B51D6568D}.Release|Any CPU.ActiveCfg = Release|Any CPU
		{7C81F6A7-DC21-4AF6-BB77-D09B51D6568D}.Release|Any CPU.Build.0 = Release|Any CPU
		{7C81F6A7-DC21-4AF6-BB77-D09B51D6568D}.Release|Any CPU.Deploy.0 = Release|Any CPU
		{7C81F6A7-DC21-4AF6-BB77-D09B51D6568D}.Release|ARM.ActiveCfg = Release|Any CPU
		{7C81F6A7-DC21-4AF6-BB77-D09B51D6568D}.Release|ARM.Build.0 = Release|Any CPU
		{7C81F6A7-DC21-4AF6-BB77-D09B51D6568D}.Release|ARM.Deploy.0 = Release|Any CPU
		{7C81F6A7-DC21-4AF6-BB77-D09B51D6568D}.Release|iPhone.ActiveCfg = Release|Any CPU
		{7C81F6A7-DC21-4AF6-BB77-D09B51D6568D}.Release|iPhone.Build.0 = Release|Any CPU
		{7C81F6A7-DC21-4AF6-BB77-D09B51D6568D}.Release|iPhone.Deploy.0 = Release|Any CPU
		{7C81F6A7-DC21-4AF6-BB77-D09B51D6568D}.Release|iPhoneSimulator.ActiveCfg = Release|Any CPU
		{7C81F6A7-DC21-4AF6-BB77-D09B51D6568D}.Release|iPhoneSimulator.Build.0 = Release|Any CPU
		{7C81F6A7-DC21-4AF6-BB77-D09B51D6568D}.Release|iPhoneSimulator.Deploy.0 = Release|Any CPU
		{7C81F6A7-DC21-4AF6-BB77-D09B51D6568D}.Release|x64.ActiveCfg = Release|Any CPU
		{7C81F6A7-DC21-4AF6-BB77-D09B51D6568D}.Release|x64.Build.0 = Release|Any CPU
		{7C81F6A7-DC21-4AF6-BB77-D09B51D6568D}.Release|x64.Deploy.0 = Release|Any CPU
		{7C81F6A7-DC21-4AF6-BB77-D09B51D6568D}.Release|x86.ActiveCfg = Release|Any CPU
		{7C81F6A7-DC21-4AF6-BB77-D09B51D6568D}.Release|x86.Build.0 = Release|Any CPU
		{7C81F6A7-DC21-4AF6-BB77-D09B51D6568D}.Release|x86.Deploy.0 = Release|Any CPU
	EndGlobalSection
	GlobalSection(SolutionProperties) = preSolution
		HideSolutionNode = FALSE
	EndGlobalSection
EndGlobal
